snapshot_id: github-universe-2026-09-19-catalog-order-01
generated_from_checksum: cf1d439c3a4730a50198508852e2304c7d3aa716a9039f806dca596d68e98d29
locks:
- repo: 6tail/tyme4ts
  source_url: https://github.com/6tail/tyme4ts
  content_lock:
    locked_ref: 9e776099e164c43fd932684875057fe345773241
    locked_url: https://github.com/6tail/tyme4ts/commit/9e776099e164c43fd932684875057fe345773241
    locked_at: '2026-09-14'
    update_policy: monthly_pr
    vendored: false
- repo: Brhiza/mingyu
  source_url: https://github.com/Brhiza/mingyu
  content_lock:
    locked_ref: 0ba79b7bae1256298c28c88c5157f343da6d5023
    locked_url: https://github.com/Brhiza/mingyu/commit/0ba79b7bae1256298c28c88c5157f343da6d5023
    locked_at: '2026-09-14'
    update_policy: monthly_pr
    vendored: false
- repo: DestinyLinker/MingLi-Bench
  source_url: https://github.com/DestinyLinker/MingLi-Bench
  content_lock:
    locked_ref: b7433280fd86d7a7c27debbc47d0303c218f0bfd
    locked_url: https://github.com/DestinyLinker/MingLi-Bench/commit/b7433280fd86d7a7c27debbc47d0303c218f0bfd
    locked_at: '2026-09-14'
    update_policy: monthly_pr
    vendored: false
- repo: FANzR-arch/Numerologist_skills
  source_url: https://github.com/FANzR-arch/Numerologist_skills
  content_lock:
    locked_ref: ea28c3fb7e808fa74f6b8e7b4c9ac8c8a9d44c39
    locked_url: https://github.com/FANzR-arch/Numerologist_skills/commit/ea28c3fb7e808fa74f6b8e7b4c9ac8c8a9d44c39
    locked_at: '2026-09-14'
    update_policy: monthly_pr
    vendored: false
- repo: HammingDev/haiming-app-monetization
  source_url: https://github.com/HammingDev/haiming-app-monetization
  content_lock:
    locked_ref: 271d8abf34a4fb6bbeb451fa92d65835f361caaa
    locked_url: https://github.com/HammingDev/haiming-app-monetization/commit/271d8abf34a4fb6bbeb451fa92d65835f361caaa
    locked_at: '2026-09-14'
    update_policy: monthly_pr
    vendored: false
- repo: Ming-H/yinyuan-skills
  source_url: https://github.com/Ming-H/yinyuan-skills
  content_lock:
    locked_ref: b091c8861a148b8260dedfbd06fc10daf7f886fc
    locked_url: https://github.com/Ming-H/yinyuan-skills/commit/b091c8861a148b8260dedfbd06fc10daf7f886fc
    locked_at: '2026-09-14'
    update_policy: monthly_pr
    vendored: false
- repo: Renhuai123/ziwei-doushu
  source_url: https://github.com/Renhuai123/ziwei-doushu
  content_lock:
    locked_ref: 88194a404242bfe5c6d5cc512e4117e3e245cdd5
    locked_url: https://github.com/Renhuai123/ziwei-doushu/commit/88194a404242bfe5c6d5cc512e4117e3e245cdd5
    locked_at: '2026-09-14'
    update_policy: monthly_pr
    vendored: false
- repo: SylarLong/iztro
  source_url: https://github.com/SylarLong/iztro
  content_lock:
    locked_ref: 2c7ef9be669df7b19d1799f4dce335fed3794f78
    locked_url: https://github.com/SylarLong/iztro/commit/2c7ef9be669df7b19d1799f4dce335fed3794f78
    locked_at: '2026-09-14'
    update_policy: monthly_pr
    vendored: false
- repo: THU-MAIC/OpenMAIC
  source_url: https://github.com/THU-MAIC/OpenMAIC
  content_lock:
    locked_ref: 98765db8b3369247aa4c3ba1e0d957064d234251
    locked_url: https://github.com/THU-MAIC/OpenMAIC/commit/98765db8b3369247aa4c3ba1e0d957064d234251
    locked_at: '2026-09-14'
    update_policy: monthly_pr
    vendored: false
- repo: Usagi-org/ai-goofish-monitor
  source_url: https://github.com/Usagi-org/ai-goofish-monitor
  content_lock:
    locked_ref: f85d140b6b45029d9a0925feb96dad733b41396d
    locked_url: https://github.com/Usagi-org/ai-goofish-monitor/commit/f85d140b6b45029d9a0925feb96dad733b41396d
    locked_at: '2026-09-14'
    update_policy: monthly_pr
    vendored: false
- repo: afumu/wetrace-skill
  source_url: https://github.com/afumu/wetrace-skill
  content_lock:
    locked_ref: 6280e9c106a2549340bf750ccae71f4053ed4710
    locked_url: https://github.com/afumu/wetrace-skill/commit/6280e9c106a2549340bf750ccae71f4053ed4710
    locked_at: '2026-09-14'
    update_policy: monthly_pr
    vendored: false
- repo: curionox/lifekline
  source_url: https://github.com/curionox/lifekline
  content_lock:
    locked_ref: b9a27a71260a09f26a1e3757fbee2ba71f52773b
    locked_url: https://github.com/curionox/lifekline/commit/b9a27a71260a09f26a1e3757fbee2ba71f52773b
    locked_at: '2026-09-14'
    update_policy: monthly_pr
    vendored: false
- repo: hasaneyldrm/exercises-dataset
  source_url: https://github.com/hasaneyldrm/exercises-dataset
  content_lock:
    locked_ref: 7455efae41b330c265e7cd4b78dfa848e7ce5ebd
    locked_url: https://github.com/hasaneyldrm/exercises-dataset/commit/7455efae41b330c265e7cd4b78dfa848e7ce5ebd
    locked_at: '2026-09-14'
    update_policy: monthly_pr
    vendored: false
- repo: helloianneo/obsidian-ai-second-brain
  source_url: https://github.com/helloianneo/obsidian-ai-second-brain
  content_lock:
    locked_ref: fb3468a1d5facf6f42bcce4db4d161dabd1fd615
    locked_url: https://github.com/helloianneo/obsidian-ai-second-brain/commit/fb3468a1d5facf6f42bcce4db4d161dabd1fd615
    locked_at: '2026-09-14'
    update_policy: monthly_pr
    vendored: false
- repo: jinchenma94/bazi-skill
  source_url: https://github.com/jinchenma94/bazi-skill
  content_lock:
    locked_ref: 112a5d84cd1a001a0038cafca3be68d93e4c0cc9
    locked_url: https://github.com/jinchenma94/bazi-skill/commit/112a5d84cd1a001a0038cafca3be68d93e4c0cc9
    locked_at: '2026-09-14'
    update_policy: monthly_pr
    vendored: false
- repo: learnwithu/mingli-master
  source_url: https://github.com/learnwithu/mingli-master
  content_lock:
    locked_ref: 000da99552cdfdbdfde49f6e76b014515b8ea51c
    locked_url: https://github.com/learnwithu/mingli-master/commit/000da99552cdfdbdfde49f6e76b014515b8ea51c
    locked_at: '2026-09-14'
    update_policy: monthly_pr
    vendored: false
- repo: miounet11/life-kline
  source_url: https://github.com/miounet11/life-kline
  content_lock:
    locked_ref: 7abf184df370452ee8279d72c8b45bc09e19913b
    locked_url: https://github.com/miounet11/life-kline/commit/7abf184df370452ee8279d72c8b45bc09e19913b
    locked_at: '2026-09-14'
    update_policy: monthly_pr
    vendored: false
